// !$*UTF8*$!
{
	archiveVersion = 1;
	classes = {
	};
	objectVersion = 50;
	objects = {

/* Begin PBXBuildFile section */
		C0F178EAECCA11BB5A180B2F /* libPods-Sample-project-1.a in Frameworks */ = {isa = PBXBuildFile; fileRef = AF59593ED442713FF2933B73 /* libPods-Sample-project-1.a */; };
		EB2E2CDA2256AF36007A51A1 /* AppDelegate.swift in Sources */ = {isa = PBXBuildFile; fileRef = EB2E2CD92256AF36007A51A1 /* AppDelegate.swift */; };
		EB2E2CDC2256AF36007A51A1 /* MainViewController.swift in Sources */ = {isa = PBXBuildFile; fileRef = EB2E2CDB2256AF36007A51A1 /* MainViewController.swift */; };
		EB2E2CDF2256AF36007A51A1 /* Main.storyboard in Resources */ = {isa = PBXBuildFile; fileRef = EB2E2CDD2256AF36007A51A1 /* Main.storyboard */; };
		EB2E2CE22256AF36007A51A1 /* Sample_project_1.xcdatamodeld in Sources */ = {isa = PBXBuildFile; fileRef = EB2E2CE02256AF36007A51A1 /* Sample_project_1.xcdatamodeld */; };
		EB2E2CE42256AF38007A51A1 /* Assets.xcassets in Resources */ = {isa = PBXBuildFile; fileRef = EB2E2CE32256AF38007A51A1 /* Assets.xcassets */; };
		EB2E2CE72256AF38007A51A1 /* LaunchScreen.storyboard in Resources */ = {isa = PBXBuildFile; fileRef = EB2E2CE52256AF38007A51A1 /* LaunchScreen.storyboard */; };
		EB4B3AB122583DAB001C07FB /* Sample_project_1Tests.swift in Sources */ = {isa = PBXBuildFile; fileRef = EB4B3AB022583DAB001C07FB /* Sample_project_1Tests.swift */; };
		EB4B3ABB22583F9E001C07FB /* SecondViewController.swift in Sources */ = {isa = PBXBuildFile; fileRef = EB4B3ABA22583F9E001C07FB /* SecondViewController.swift */; };
/* End PBXBuildFile section */

/* Begin PBXContainerItemProxy section */
		EB4B3AB322583DAB001C07FB /* PBXContainerItemProxy */ = {
			isa = PBXContainerItemProxy;
			containerPortal = EB2E2CCE2256AF36007A51A1 /* Project object */;
			proxyType = 1;
			remoteGlobalIDString = EB2E2CD52256AF36007A51A1;
			remoteInfo = "Sample-project-1";
		};
/* End PBXContainerItemProxy section */

/* Begin PBXFileReference section */
		565065E01F3378F32EBCFDB5 /* Pods-Sample-project-1.debug.xcconfig */ = {isa = PBXFileReference; includeInIndex = 1; lastKnownFileType = text.xcconfig; name = "Pods-Sample-project-1.debug.xcconfig"; path = "Pods/Target Support Files/Pods-Sample-project-1/Pods-Sample-project-1.debug.xcconfig"; sourceTree = "<group>"; };
		6CC4069D098E8F31229882E2 /* Pods-Sample-project-1.release.xcconfig */ = {isa = PBXFileReference; includeInIndex = 1; lastKnownFileType = text.xcconfig; name = "Pods-Sample-project-1.release.xcconfig"; path = "Pods/Target Support Files/Pods-Sample-project-1/Pods-Sample-project-1.release.xcconfig"; sourceTree = "<group>"; };
		AF59593ED442713FF2933B73 /* libPods-Sample-project-1.a */ = {isa = PBXFileReference; explicitFileType = archive.ar; includeInIndex = 0; path = "libPods-Sample-project-1.a"; sourceTree = BUILT_PRODUCTS_DIR; };
		EB2E2CD62256AF36007A51A1 /* Sample-project-1.app */ = {isa = PBXFileReference; explicitFileType = wrapper.application; includeInIndex = 0; path = "Sample-project-1.app"; sourceTree = BUILT_PRODUCTS_DIR; };
		EB2E2CD92256AF36007A51A1 /* AppDelegate.swift */ = {isa = PBXFileReference; lastKnownFileType = sourcecode.swift; path = AppDelegate.swift; sourceTree = "<group>"; };
		EB2E2CDB2256AF36007A51A1 /* MainViewController.swift */ = {isa = PBXFileReference; lastKnownFileType = sourcecode.swift; path = MainViewController.swift; sourceTree = "<group>"; };
		EB2E2CDE2256AF36007A51A1 /* Base */ = {isa = PBXFileReference; lastKnownFileType = file.storyboard; name = Base; path = Base.lproj/Main.storyboard; sourceTree = "<group>"; };
		EB2E2CE12256AF36007A51A1 /* Sample_project_1.xcdatamodel */ = {isa = PBXFileReference; lastKnownFileType = wrapper.xcdatamodel; path = Sample_project_1.xcdatamodel; sourceTree = "<group>"; };
		EB2E2CE32256AF38007A51A1 /* Assets.xcassets */ = {isa = PBXFileReference; lastKnownFileType = folder.assetcatalog; path = Assets.xcassets; sourceTree = "<group>"; };
		EB2E2CE62256AF38007A51A1 /* Base */ = {isa = PBXFileReference; lastKnownFileType = file.storyboard; name = Base; path = Base.lproj/LaunchScreen.storyboard; sourceTree = "<group>"; };
		EB2E2CE82256AF38007A51A1 /* Info.plist */ = {isa = PBXFileReference; lastKnownFileType = text.plist.xml; path = Info.plist; sourceTree = "<group>"; };
		EB4B3AAE22583DAB001C07FB /* Sample-project-1Tests.xctest */ = {isa = PBXFileReference; explicitFileType = wrapper.cfbundle; includeInIndex = 0; path = "Sample-project-1Tests.xctest"; sourceTree = BUILT_PRODUCTS_DIR; };
		EB4B3AB022583DAB001C07FB /* Sample_project_1Tests.swift */ = {isa = PBXFileReference; lastKnownFileType = sourcecode.swift; path = Sample_project_1Tests.swift; sourceTree = "<group>"; };
		EB4B3AB222583DAB001C07FB /* Info.plist */ = {isa = PBXFileReference; lastKnownFileType = text.plist.xml; path = Info.plist; sourceTree = "<group>"; };
		EB4B3ABA22583F9E001C07FB /* SecondViewController.swift */ = {isa = PBXFileReference; lastKnownFileType = sourcecode.swift; path = SecondViewController.swift; sourceTree = "<group>"; };
/* End PBXFileReference section */

/* Begin PBXFrameworksBuildPhase section */
		EB2E2CD32256AF36007A51A1 /* Frameworks */ = {
			isa = PBXFrameworksBuildPhase;
			buildActionMask = 2147483647;
			files = (
				C0F178EAECCA11BB5A180B2F /* libPods-Sample-project-1.a in Frameworks */,
			);
			runOnlyForDeploymentPostprocessing = 0;
		};
		EB4B3AAB22583DAB001C07FB /* Frameworks */ = {
			isa = PBXFrameworksBuildPhase;
			buildActionMask = 2147483647;
			files = (
			);
			runOnlyForDeploymentPostprocessing = 0;
		};
/* End PBXFrameworksBuildPhase section */

/* Begin PBXGroup section */
		2F0998C679128BF280749E3E /* Frameworks */ = {
			isa = PBXGroup;
			children = (
				AF59593ED442713FF2933B73 /* libPods-Sample-project-1.a */,
			);
			name = Frameworks;
			sourceTree = "<group>";
		};
		EB2E2CCD2256AF36007A51A1 = {
			isa = PBXGroup;
			children = (
				EB2E2CD82256AF36007A51A1 /* Sample-project-1 */,
				EB4B3AAF22583DAB001C07FB /* Sample-project-1Tests */,
				EB2E2CD72256AF36007A51A1 /* Products */,
				F2D6965986770E16AA9B7481 /* Pods */,
				2F0998C679128BF280749E3E /* Frameworks */,
			);
			sourceTree = "<group>";
		};
		EB2E2CD72256AF36007A51A1 /* Products */ = {
			isa = PBXGroup;
			children = (
				EB2E2CD62256AF36007A51A1 /* Sample-project-1.app */,
				EB4B3AAE22583DAB001C07FB /* Sample-project-1Tests.xctest */,
			);
			name = Products;
			sourceTree = "<group>";
		};
		EB2E2CD82256AF36007A51A1 /* Sample-project-1 */ = {
			isa = PBXGroup;
			children = (
				EB2E2CD92256AF36007A51A1 /* AppDelegate.swift */,
				EB2E2CDB2256AF36007A51A1 /* MainViewController.swift */,
				EB4B3ABA22583F9E001C07FB /* SecondViewController.swift */,
				EB2E2CDD2256AF36007A51A1 /* Main.storyboard */,
				EB2E2CE32256AF38007A51A1 /* Assets.xcassets */,
				EB2E2CE52256AF38007A51A1 /* LaunchScreen.storyboard */,
				EB2E2CE82256AF38007A51A1 /* Info.plist */,
				EB2E2CE02256AF36007A51A1 /* Sample_project_1.xcdatamodeld */,
			);
			path = "Sample-project-1";
			sourceTree = "<group>";
		};
		EB4B3AAF22583DAB001C07FB /* Sample-project-1Tests */ = {
			isa = PBXGroup;
			children = (
				EB4B3AB022583DAB001C07FB /* Sample_project_1Tests.swift */,
				EB4B3AB222583DAB001C07FB /* Info.plist */,
			);
			path = "Sample-project-1Tests";
			sourceTree = "<group>";
		};
		F2D6965986770E16AA9B7481 /* Pods */ = {
			isa = PBXGroup;
			children = (
				565065E01F3378F32EBCFDB5 /* Pods-Sample-project-1.debug.xcconfig */,
				6CC4069D098E8F31229882E2 /* Pods-Sample-project-1.release.xcconfig */,
			);
			name = Pods;
			sourceTree = "<group>";
		};
/* End PBXGroup section */

/* Begin PBXNativeTarget section */
		EB2E2CD52256AF36007A51A1 /* Sample-project-1 */ = {
			isa = PBXNativeTarget;
			buildConfigurationList = EB2E2CEB2256AF38007A51A1 /* Build configuration list for PBXNativeTarget "Sample-project-1" */;
			buildPhases = (
				230848C2D057625B9E499BA9 /* [CP] Check Pods Manifest.lock */,
				EB2E2CD22256AF36007A51A1 /* Sources */,
				EB2E2CD32256AF36007A51A1 /* Frameworks */,
				EB2E2CD42256AF36007A51A1 /* Resources */,
				0E08E35AEE88F980969AE98B /* [CP] Copy Pods Resources */,
				EBFC309C227785A600D89B67 /* ShellScript */,
			);
			buildRules = (
			);
			dependencies = (
			);
			name = "Sample-project-1";
			productName = "Sample-project-1";
			productReference = EB2E2CD62256AF36007A51A1 /* Sample-project-1.app */;
			productType = "com.apple.product-type.application";
		};
		EB4B3AAD22583DAB001C07FB /* Sample-project-1Tests */ = {
			isa = PBXNativeTarget;
			buildConfigurationList = EB4B3AB722583DAB001C07FB /* Build configuration list for PBXNativeTarget "Sample-project-1Tests" */;
			buildPhases = (
				EB4B3AAA22583DAB001C07FB /* Sources */,
				EB4B3AAB22583DAB001C07FB /* Frameworks */,
				EB4B3AAC22583DAB001C07FB /* Resources */,
				EBFC309D2277B2CF00D89B67 /* ShellScript */,
			);
			buildRules = (
			);
			dependencies = (
				EB4B3AB422583DAB001C07FB /* PBXTargetDependency */,
			);
			name = "Sample-project-1Tests";
			productName = "Sample-project-1Tests";
			productReference = EB4B3AAE22583DAB001C07FB /* Sample-project-1Tests.xctest */;
			productType = "com.apple.product-type.bundle.unit-test";
		};
/* End PBXNativeTarget section */

/* Begin PBXProject section */
		EB2E2CCE2256AF36007A51A1 /* Project object */ = {
			isa = PBXProject;
			attributes = {
				LastSwiftUpdateCheck = 1010;
				LastUpgradeCheck = 1010;
				ORGANIZATIONNAME = "Isaac Zhang";
				TargetAttributes = {
					EB2E2CD52256AF36007A51A1 = {
						CreatedOnToolsVersion = 10.1;
					};
					EB4B3AAD22583DAB001C07FB = {
						CreatedOnToolsVersion = 10.1;
						TestTargetID = EB2E2CD52256AF36007A51A1;
					};
				};
			};
			buildConfigurationList = EB2E2CD12256AF36007A51A1 /* Build configuration list for PBXProject "Sample-project-1" */;
			compatibilityVersion = "Xcode 9.3";
			developmentRegion = en;
			hasScannedForEncodings = 0;
			knownRegions = (
				en,
				Base,
			);
			mainGroup = EB2E2CCD2256AF36007A51A1;
			productRefGroup = EB2E2CD72256AF36007A51A1 /* Products */;
			projectDirPath = "";
			projectRoot = "";
			targets = (
				EB2E2CD52256AF36007A51A1 /* Sample-project-1 */,
				EB4B3AAD22583DAB001C07FB /* Sample-project-1Tests */,
			);
		};
/* End PBXProject section */

/* Begin PBXResourcesBuildPhase section */
		EB2E2CD42256AF36007A51A1 /* Resources */ = {
			isa = PBXResourcesBuildPhase;
			buildActionMask = 2147483647;
			files = (
				EB2E2CE72256AF38007A51A1 /* LaunchScreen.storyboard in Resources */,
				EB2E2CE42256AF38007A51A1 /* Assets.xcassets in Resources */,
				EB2E2CDF2256AF36007A51A1 /* Main.storyboard in Resources */,
			);
			runOnlyForDeploymentPostprocessing = 0;
		};
		EB4B3AAC22583DAB001C07FB /* Resources */ = {
			isa = PBXResourcesBuildPhase;
			buildActionMask = 2147483647;
			files = (
			);
			runOnlyForDeploymentPostprocessing = 0;
		};
/* End PBXResourcesBuildPhase section */

/* Begin PBXShellScriptBuildPhase section */
		0E08E35AEE88F980969AE98B /* [CP] Copy Pods Resources */ = {
			isa = PBXShellScriptBuildPhase;
			buildActionMask = 2147483647;
			files = (
			);
			inputFileListPaths = (
			);
			inputPaths = (
				"${SRCROOT}/Pods/Target Support Files/Pods-Sample-project-1/Pods-Sample-project-1-resources.sh",
				"${PODS_ROOT}/FBSDKCoreKit/FacebookSDKStrings.bundle",
			);
			name = "[CP] Copy Pods Resources";
			outputFileListPaths = (
			);
			outputPaths = (
				"${TARGET_BUILD_DIR}/${UNLOCALIZED_RESOURCES_FOLDER_PATH}/FacebookSDKStrings.bundle",
			);
			runOnlyForDeploymentPostprocessing = 0;
			shellPath = /bin/sh;
			shellScript = "\"${SRCROOT}/Pods/Target Support Files/Pods-Sample-project-1/Pods-Sample-project-1-resources.sh\"\n";
			showEnvVarsInLog = 0;
		};
		230848C2D057625B9E499BA9 /* [CP] Check Pods Manifest.lock */ = {
			isa = PBXShellScriptBuildPhase;
			buildActionMask = 2147483647;
			files = (
			);
			inputFileListPaths = (
			);
			inputPaths = (
				"${PODS_PODFILE_DIR_PATH}/Podfile.lock",
				"${PODS_ROOT}/Manifest.lock",
			);
			name = "[CP] Check Pods Manifest.lock";
			outputFileListPaths = (
			);
			outputPaths = (
				"$(DERIVED_FILE_DIR)/Pods-Sample-project-1-checkManifestLockResult.txt",
			);
			runOnlyForDeploymentPostprocessing = 0;
			shellPath = /bin/sh;
			shellScript = "diff \"${PODS_PODFILE_DIR_PATH}/Podfile.lock\" \"${PODS_ROOT}/Manifest.lock\" > /dev/null\nif [ $? != 0 ] ; then\n    # print error to STDERR\n    echo \"error: The sandbox is not in sync with the Podfile.lock. Run 'pod install' or update your CocoaPods installation.\" >&2\n    exit 1\nfi\n# This output is used by Xcode 'outputs' to avoid re-running this script phase.\necho \"SUCCESS\" > \"${SCRIPT_OUTPUT_FILE_0}\"\n";
			showEnvVarsInLog = 0;
		};
		EBFC309C227785A600D89B67 /* ShellScript */ = {
			isa = PBXShellScriptBuildPhase;
			buildActionMask = 2147483647;
			files = (
			);
			inputFileListPaths = (
			);
			inputPaths = (
			);
			outputFileListPaths = (
			);
			outputPaths = (
			);
			runOnlyForDeploymentPostprocessing = 0;
			shellPath = /bin/sh;
			shellScript = "# Type a script or drag a script file from your workspace to insert its path.\nif which swiftlint >/dev/null; then\n    swiftlint --lenient\nelse\n    echo \"warning: SwiftLint not installed, download from https://github.com/realm SwiftLint\"\nfi\n";
		};
		EBFC309D2277B2CF00D89B67 /* ShellScript */ = {
			isa = PBXShellScriptBuildPhase;
			buildActionMask = 2147483647;
			files = (
			);
			inputFileListPaths = (
			);
			inputPaths = (
			);
			outputFileListPaths = (
			);
			outputPaths = (
			);
			runOnlyForDeploymentPostprocessing = 0;
			shellPath = /bin/sh;
			shellScript = "# Type a script or drag a script file from your workspace to insert its path.\nif which swiftlint >/dev/null; then\n    swiftlint --lenient\nelse\necho \"warning: SwiftLint not installed, download from https://github.com/realm SwiftLint\"\nfi\n";
		};
/* End PBXShellScriptBuildPhase section */

/* Begin PBXSourcesBuildPhase section */
		EB2E2CD22256AF36007A51A1 /* Sources */ = {
			isa = PBXSourcesBuildPhase;
			buildActionMask = 2147483647;
			files = (
				EB4B3ABB22583F9E001C07FB /* SecondViewController.swift in Sources */,
				EB2E2CDC2256AF36007A51A1 /* MainViewController.swift in Sources */,
				EB2E2CDA2256AF36007A51A1 /* AppDelegate.swift in Sources */,
				EB2E2CE22256AF36007A51A1 /* Sample_project_1.xcdatamodeld in Sources */,
			);
			runOnlyForDeploymentPostprocessing = 0;
		};
		EB4B3AAA22583DAB001C07FB /* Sources */ = {
			isa = PBXSourcesBuildPhase;
			buildActionMask = 2147483647;
			files = (
				EB4B3AB122583DAB001C07FB /* Sample_project_1Tests.swift in Sources */,
			);
			runOnlyForDeploymentPostprocessing = 0;
		};
/* End PBXSourcesBuildPhase section */

/* Begin PBXTargetDependency section */
		EB4B3AB422583DAB001C07FB /* PBXTargetDependency */ = {
			isa = PBXTargetDependency;
			target = EB2E2CD52256AF36007A51A1 /* Sample-project-1 */;
			targetProxy = EB4B3AB322583DAB001C07FB /* PBXContainerItemProxy */;
		};
/* End PBXTargetDependency section */

/* Begin PBXVariantGroup section */
		EB2E2CDD2256AF36007A51A1 /* Main.storyboard */ = {
			isa = PBXVariantGroup;
			children = (
				EB2E2CDE2256AF36007A51A1 /* Base */,
			);
			name = Main.storyboard;
			sourceTree = "<group>";
		};
		EB2E2CE52256AF38007A51A1 /* LaunchScreen.storyboard */ = {
			isa = PBXVariantGroup;
			children = (
				EB2E2CE62256AF38007A51A1 /* Base */,
			);
			name = LaunchScreen.storyboard;
			sourceTree = "<group>";
		};
/* End PBXVariantGroup section */

/* Begin XCBuildConfiguration section */
		EB2E2CE92256AF38007A51A1 /* Debug */ = {
			isa = XCBuildConfiguration;
			buildSettings = {
				ALWAYS_SEARCH_USER_PATHS = NO;
				CLANG_ANALYZER_NONNULL = YES;
				CLANG_ANALYZER_NUMBER_OBJECT_CONVERSION = YES_AGGRESSIVE;
				CLANG_CXX_LANGUAGE_STANDARD = "gnu++14";
				CLANG_CXX_LIBRARY = "libc++";
				CLANG_ENABLE_MODULES = YES;
				CLANG_ENABLE_OBJC_ARC = YES;
				CLANG_ENABLE_OBJC_WEAK = YES;
				CLANG_WARN_BLOCK_CAPTURE_AUTORELEASING = YES;
				CLANG_WARN_BOOL_CONVERSION = YES;
				CLANG_WARN_COMMA = YES;
				CLANG_WARN_CONSTANT_CONVERSION = YES;
				CLANG_WARN_DEPRECATED_OBJC_IMPLEMENTATIONS = YES;
				CLANG_WARN_DIRECT_OBJC_ISA_USAGE = YES_ERROR;
				CLANG_WARN_DOCUMENTATION_COMMENTS = YES;
				CLANG_WARN_EMPTY_BODY = YES;
				CLANG_WARN_ENUM_CONVERSION = YES;
				CLANG_WARN_INFINITE_RECURSION = YES;
				CLANG_WARN_INT_CONVERSION = YES;
				CLANG_WARN_NON_LITERAL_NULL_CONVERSION = YES;
				CLANG_WARN_OBJC_IMPLICIT_RETAIN_SELF = YES;
				CLANG_WARN_OBJC_LITERAL_CONVERSION = YES;
				CLANG_WARN_OBJC_ROOT_CLASS = YES_ERROR;
				CLANG_WARN_RANGE_LOOP_ANALYSIS = YES;
				CLANG_WARN_STRICT_PROTOTYPES = YES;
				CLANG_WARN_SUSPICIOUS_MOVE = YES;
				CLANG_WARN_UNGUARDED_AVAILABILITY = YES_AGGRESSIVE;
				CLANG_WARN_UNREACHABLE_CODE = YES;
				CLANG_WARN__DUPLICATE_METHOD_MATCH = YES;
				CODE_SIGN_IDENTITY = "iPhone Developer";
				COPY_PHASE_STRIP = NO;
				DEBUG_INFORMATION_FORMAT = dwarf;
				ENABLE_STRICT_OBJC_MSGSEND = YES;
				ENABLE_TESTABILITY = YES;
				GCC_C_LANGUAGE_STANDARD = gnu11;
				GCC_DYNAMIC_NO_PIC = NO;
				GCC_NO_COMMON_BLOCKS = YES;
				GCC_OPTIMIZATION_LEVEL = 0;
				GCC_PREPROCESSOR_DEFINITIONS = (
					"DEBUG=1",
					"$(inherited)",
				);
				GCC_WARN_64_TO_32_BIT_CONVERSION = YES;
				GCC_WARN_ABOUT_RETURN_TYPE = YES_ERROR;
				GCC_WARN_UNDECLARED_SELECTOR = YES;
				GCC_WARN_UNINITIALIZED_AUTOS = YES_AGGRESSIVE;
				GCC_WARN_UNUSED_FUNCTION = YES;
				GCC_WARN_UNUSED_VARIABLE = YES;
				IPHONEOS_DEPLOYMENT_TARGET = 12.1;
				MTL_ENABLE_DEBUG_INFO = INCLUDE_SOURCE;
				MTL_FAST_MATH = YES;
				ONLY_ACTIVE_ARCH = YES;
				SDKROOT = iphoneos;
				SWIFT_ACTIVE_COMPILATION_CONDITIONS = DEBUG;
				SWIFT_OPTIMIZATION_LEVEL = "-Onone";
			};
			name = Debug;
		};
		EB2E2CEA2256AF38007A51A1 /* Release */ = {
			isa = XCBuildConfiguration;
			buildSettings = {
				ALWAYS_SEARCH_USER_PATHS = NO;
				CLANG_ANALYZER_NONNULL = YES;
				CLANG_ANALYZER_NUMBER_OBJECT_CONVERSION = YES_AGGRESSIVE;
				CLANG_CXX_LANGUAGE_STANDARD = "gnu++14";
				CLANG_CXX_LIBRARY = "libc++";
				CLANG_ENABLE_MODULES = YES;
				CLANG_ENABLE_OBJC_ARC = YES;
				CLANG_ENABLE_OBJC_WEAK = YES;
				CLANG_WARN_BLOCK_CAPTURE_AUTORELEASING = YES;
				CLANG_WARN_BOOL_CONVERSION = YES;
				CLANG_WARN_COMMA = YES;
				CLANG_WARN_CONSTANT_CONVERSION = YES;
				CLANG_WARN_DEPRECATED_OBJC_IMPLEMENTATIONS = YES;
				CLANG_WARN_DIRECT_OBJC_ISA_USAGE = YES_ERROR;
				CLANG_WARN_DOCUMENTATION_COMMENTS = YES;
				CLANG_WARN_EMPTY_BODY = YES;
				CLANG_WARN_ENUM_CONVERSION = YES;
				CLANG_WARN_INFINITE_RECURSION = YES;
				CLANG_WARN_INT_CONVERSION = YES;
				CLANG_WARN_NON_LITERAL_NULL_CONVERSION = YES;
				CLANG_WARN_OBJC_IMPLICIT_RETAIN_SELF = YES;
				CLANG_WARN_OBJC_LITERAL_CONVERSION = YES;
				CLANG_WARN_OBJC_ROOT_CLASS = YES_ERROR;
				CLANG_WARN_RANGE_LOOP_ANALYSIS = YES;
				CLANG_WARN_STRICT_PROTOTYPES = YES;
				CLANG_WARN_SUSPICIOUS_MOVE = YES;
				CLANG_WARN_UNGUARDED_AVAILABILITY = YES_AGGRESSIVE;
				CLANG_WARN_UNREACHABLE_CODE = YES;
				CLANG_WARN__DUPLICATE_METHOD_MATCH = YES;
				CODE_SIGN_IDENTITY = "iPhone Developer";
				COPY_PHASE_STRIP = NO;
				DEBUG_INFORMATION_FORMAT = "dwarf-with-dsym";
				ENABLE_NS_ASSERTIONS = NO;
				ENABLE_STRICT_OBJC_MSGSEND = YES;
				GCC_C_LANGUAGE_STANDARD = gnu11;
				GCC_NO_COMMON_BLOCKS = YES;
				GCC_WARN_64_TO_32_BIT_CONVERSION = YES;
				GCC_WARN_ABOUT_RETURN_TYPE = YES_ERROR;
				GCC_WARN_UNDECLARED_SELECTOR = YES;
				GCC_WARN_UNINITIALIZED_AUTOS = YES_AGGRESSIVE;
				GCC_WARN_UNUSED_FUNCTION = YES;
				GCC_WARN_UNUSED_VARIABLE = YES;
				IPHONEOS_DEPLOYMENT_TARGET = 12.1;
				MTL_ENABLE_DEBUG_INFO = NO;
				MTL_FAST_MATH = YES;
				SDKROOT = iphoneos;
				SWIFT_COMPILATION_MODE = wholemodule;
				SWIFT_OPTIMIZATION_LEVEL = "-O";
				VALIDATE_PRODUCT = YES;
			};
			name = Release;
		};
		EB2E2CEC2256AF38007A51A1 /* Debug */ = {
			isa = XCBuildConfiguration;
			baseConfigurationReference = 565065E01F3378F32EBCFDB5 /* Pods-Sample-project-1.debug.xcconfig */;
			buildSettings = {
				ASSETCATALOG_COMPILER_APPICON_NAME = AppIcon;
				CODE_SIGN_STYLE = Automatic;
				DEVELOPMENT_TEAM = A6BTDD33CF;
				INFOPLIST_FILE = "Sample-project-1/Info.plist";
				LD_RUNPATH_SEARCH_PATHS = (
					"$(inherited)",
					"@executable_path/Frameworks",
				);
				PRODUCT_BUNDLE_IDENTIFIER = "com.isaaczhang.Sample-project-1";
				PRODUCT_NAME = "$(TARGET_NAME)";
				SWIFT_VERSION = 4.2;
				TARGETED_DEVICE_FAMILY = "1,2";
			};
			name = Debug;
		};
		EB2E2CED2256AF38007A51A1 /* Release */ = {
			isa = XCBuildConfiguration;
			baseConfigurationReference = 6CC4069D098E8F31229882E2 /* Pods-Sample-project-1.release.xcconfig */;
			buildSettings = {
				ASSETCATALOG_COMPILER_APPICON_NAME = AppIcon;
				CODE_SIGN_STYLE = Automatic;
				DEVELOPMENT_TEAM = A6BTDD33CF;
				INFOPLIST_FILE = "Sample-project-1/Info.plist";
				LD_RUNPATH_SEARCH_PATHS = (
					"$(inherited)",
					"@executable_path/Frameworks",
				);
				PRODUCT_BUNDLE_IDENTIFIER = "com.isaaczhang.Sample-project-1";
				PRODUCT_NAME = "$(TARGET_NAME)";
				SWIFT_VERSION = 4.2;
				TARGETED_DEVICE_FAMILY = "1,2";
			};
			name = Release;
		};
		EB4B3AB522583DAB001C07FB /* Debug */ = {
			isa = XCBuildConfiguration;
			buildSettings = {
				BUNDLE_LOADER = "$(TEST_HOST)";
				CODE_SIGN_STYLE = Automatic;
				DEVELOPMENT_TEAM = A6BTDD33CF;
				INFOPLIST_FILE = "Sample-project-1Tests/Info.plist";
				LD_RUNPATH_SEARCH_PATHS = (
					"$(inherited)",
					"@executable_path/Frameworks",
					"@loader_path/Frameworks",
				);
				PRODUCT_BUNDLE_IDENTIFIER = "com.isaaczhang.Sample-project-1Tests";
				PRODUCT_NAME = "$(TARGET_NAME)";
				SWIFT_VERSION = 4.2;
				TARGETED_DEVICE_FAMILY = "1,2";
				TEST_HOST = "$(BUILT_PRODUCTS_DIR)/Sample-project-1.app/Sample-project-1";
			};
			name = Debug;
		};
		EB4B3AB622583DAB001C07FB /* Release */ = {
			isa = XCBuildConfiguration;
			buildSettings = {
				BUNDLE_LOADER = "$(TEST_HOST)";
				CODE_SIGN_STYLE = Automatic;
				DEVELOPMENT_TEAM = A6BTDD33CF;
				INFOPLIST_FILE = "Sample-project-1Tests/Info.plist";
				LD_RUNPATH_SEARCH_PATHS = (
					"$(inherited)",
					"@executable_path/Frameworks",
					"@loader_path/Frameworks",
				);
				PRODUCT_BUNDLE_IDENTIFIER = "com.isaaczhang.Sample-project-1Tests";
				PRODUCT_NAME = "$(TARGET_NAME)";
				SWIFT_VERSION = 4.2;
				TARGETED_DEVICE_FAMILY = "1,2";
				TEST_HOST = "$(BUILT_PRODUCTS_DIR)/Sample-project-1.app/Sample-project-1";
			};
			name = Release;
		};
/* End XCBuildConfiguration section */

/* Begin XCConfigurationList section */
		EB2E2CD12256AF36007A51A1 /* Build configuration list for PBXProject "Sample-project-1" */ = {
			isa = XCConfigurationList;
			buildConfigurations = (
				EB2E2CE92256AF38007A51A1 /* Debug */,
				EB2E2CEA2256AF38007A51A1 /* Release */,
			);
			defaultConfigurationIsVisible = 0;
			defaultConfigurationName = Release;
		};
		EB2E2CEB2256AF38007A51A1 /* Build configuration list for PBXNativeTarget "Sample-project-1" */ = {
			isa = XCConfigurationList;
			buildConfigurations = (
				EB2E2CEC2256AF38007A51A1 /* Debug */,
				EB2E2CED2256AF38007A51A1 /* Release */,
			);
			defaultConfigurationIsVisible = 0;
			defaultConfigurationName = Release;
		};
		EB4B3AB722583DAB001C07FB /* Build configuration list for PBXNativeTarget "Sample-project-1Tests" */ = {
			isa = XCConfigurationList;
			buildConfigurations = (
				EB4B3AB522583DAB001C07FB /* Debug */,
				EB4B3AB622583DAB001C07FB /* Release */,
			);
			defaultConfigurationIsVisible = 0;
			defaultConfigurationName = Release;
		};
/* End XCConfigurationList section */

/* Begin XCVersionGroup section */
		EB2E2CE02256AF36007A51A1 /* Sample_project_1.xcdatamodeld */ = {
			isa = XCVersionGroup;
			children = (
				EB2E2CE12256AF36007A51A1 /* Sample_project_1.xcdatamodel */,
			);
			currentVersion = EB2E2CE12256AF36007A51A1 /* Sample_project_1.xcdatamodel */;
			path = Sample_project_1.xcdatamodeld;
			sourceTree = "<group>";
			versionGroupType = wrapper.xcdatamodel;
		};
/* End XCVersionGroup section */
	};
	rootObject = EB2E2CCE2256AF36007A51A1 /* Project object */;
}
